
Microsoft Visual Studio Solution File, Format Version 12.00
# Visual Studio Version 17
VisualStudioVersion = 17.13.35919.96
MinimumVisualStudioVersion = 10.0.40219.1
Project("{FAE04EC0-301F-11D3-BF4B-00C04F79EFBC}") = "AuctionService", "AuctionService\AuctionService.csproj", "{00904F91-142E-B9AC-0823-9DAC4671E5CE}"
EndProject
Project("{FAE04EC0-301F-11D3-BF4B-00C04F79EFBC}") = "BidService", "BidService\BidService.csproj", "{C9F6269A-BA89-5462-78DF-A76733F34290}"
EndProject
Global
	GlobalSection(SolutionConfigurationPlatforms) = preSolution
		Debug|Any CPU = Debug|Any CPU
		Release|Any CPU = Release|Any CPU
	EndGlobalSection
	GlobalSection(ProjectConfigurationPlatforms) = postSolution
		{00904F91-142E-B9AC-0823-9DAC4671E5CE}.Debug|Any CPU.ActiveCfg = Debug|Any CPU
		{00904F91-142E-B9AC-0823-9DAC4671E5CE}.Debug|Any CPU.Build.0 = Debug|Any CPU
		{00904F91-142E-B9AC-0823-9DAC4671E5CE}.Release|Any CPU.ActiveCfg = Release|Any CPU
		{00904F91-142E-B9AC-0823-9DAC4671E5CE}.Release|Any CPU.Build.0 = Release|Any CPU
		{C9F6269A-BA89-5462-78DF-A76733F34290}.Debug|Any CPU.ActiveCfg = Debug|Any CPU
		{C9F6269A-BA89-5462-78DF-A76733F34290}.Debug|Any CPU.Build.0 = Debug|Any CPU
		{C9F6269A-BA89-5462-78DF-A76733F34290}.Release|Any CPU.ActiveCfg = Release|Any CPU
		{C9F6269A-BA89-5462-78DF-A76733F34290}.Release|Any CPU.Build.0 = Release|Any CPU
	EndGlobalSection
	GlobalSection(SolutionProperties) = preSolution
		HideSolutionNode = FALSE
	EndGlobalSection
	GlobalSection(ExtensibilityGlobals) = postSolution
		SolutionGuid = {6559DB5B-21CD-475B-AC85-635A5ACE655C}
	EndGlobalSection
EndGlobal
